
Microsoft Visual Studio Solution File, Format Version 12.00
# Visual Studio Version 16
VisualStudioVersion = 16.0.30413.136
MinimumVisualStudioVersion = 10.0.40219.1
Project("{FAE04EC0-301F-11D3-BF4B-00C04F79EFBC}") = "Q", "Q\Q.csproj", "{3160691B-582E-40F3-B186-7C5599FF579D}"
EndProject
Global
	GlobalSection(SolutionConfigurationPlatforms) = preSolution
		Debug|Any CPU = Debug|Any CPU
		Release|Any CPU = Release|Any CPU
	EndGlobalSection
	GlobalSection(ProjectConfigurationPlatforms) = postSolution
		{3160691B-582E-40F3-B186-7C5599FF579D}.Debug|Any CPU.ActiveCfg = Debug|Any CPU
		{3160691B-582E-40F3-B186-7C5599FF579D}.Debug|Any CPU.Build.0 = Debug|Any CPU
		{3160691B-582E-40F3-B186-7C5599FF579D}.Release|Any CPU.ActiveCfg = Release|Any CPU
		{3160691B-582E-40F3-B186-7C5599FF579D}.Release|Any CPU.Build.0 = Release|Any CPU
	EndGlobalSection
	GlobalSection(SolutionProperties) = preSolution
		HideSolutionNode = FALSE
	EndGlobalSection
	GlobalSection(ExtensibilityGlobals) = postSolution
		SolutionGuid = {A354AA0C-1C46-445F-A311-14FD5C62FEC5}
	EndGlobalSection
EndGlobal
